set_location_assignment PIN_V11 -to FPGA_CLK1_50
set_location_assignment PIN_V12 -to D[0]
set_location_assignment PIN_E8 -to D[1]
set_location_assignment PIN_W12 -to D[2]
set_location_assignment PIN_D11 -to D[3]
set_location_assignment PIN_D8 -to D[4]
set_location_assignment PIN_AH13 -to D[5]
set_location_assignment PIN_AF7 -to D[6]
set_location_assignment PIN_AH14 -to D[7]
set_location_assignment PIN_Y15 -to Q[0]
set_location_assignment PIN_AC24 -to Q[1]
set_location_assignment PIN_AA15 -to Q[2]
set_location_assignment PIN_AD26 -to Q[3]
