set_global_assignment -name STRATIX_JTAG_USER_CODE 0C0FFEE5
set_global_assignment -name USE_CHECKSUM_AS_USERCODE OFF
set_global_assignment -name RELEASE_CLEARS_BEFORE_TRI_STATES ON
set_global_assignment -name AUTO_RESTART_CONFIGURATION OFF
set_global_assignment -name ENABLE_OCT_DONE ON
set_global_assignment -name ENABLE_DEVICE_WIDE_RESET ON
set_global_assignment -name ENABLE_DEVICE_WIDE_OE ON
set_global_assignment -name ENABLE_INIT_DONE_OUTPUT ON
set_global_assignment -name ENABLE_NCEO_OUTPUT ON
set_global_assignment -name CRC_ERROR_CHECKING ON
set_global_assignment -name ENABLE_CRC_ERROR_PIN ON
set_global_assignment -name ERROR_CHECK_FREQUENCY_DIVISOR 4
set_global_assignment -name RESERVE_ALL_UNUSED_PINS_WEAK_PULLUP "AS INPUT TRI-STATED"
