set_location_assignment PIN_V11 -to clk
set_location_assignment PIN_U10 -to signal
set_location_assignment PIN_AG5 -to q_zero
set_location_assignment PIN_AD19 -to q_one
set_location_assignment PIN_AD12 -to q_signal
set_location_assignment PIN_W8 -to active[0]
set_location_assignment PIN_Y8 -to active[1]
set_location_assignment PIN_AD11 -to active[2]
