set_global_assignment -name FAMILY "Cyclone V"
set_global_assignment -name DEVICE 5CSEBA6U23I7
set_global_assignment -name TOP_LEVEL_ENTITY top
set_global_assignment -name VERILOG_FILE ramtest-pads.v
set_global_assignment -name SDC_FILE clocks.sdc
set_global_assignment -name PROJECT_OUTPUT_DIRECTORY output_files
set_global_assignment -name GENERATE_RBF_FILE ON
set_global_assignment -name NUM_PARALLEL_PROCESSORS 2
set_global_assignment -name STRATIX_DEVICE_IO_STANDARD "3.3-V LVTTL"
set_location_assignment PIN_V11 -to FPGA_CLK1_50
set_location_assignment PIN_Y11 -to SDRAM_A[0]
set_location_assignment PIN_AA26 -to SDRAM_A[1]
set_location_assignment PIN_AA13 -to SDRAM_A[2]
set_location_assignment PIN_AA11 -to SDRAM_A[3]
set_location_assignment PIN_W11 -to SDRAM_A[4]
set_location_assignment PIN_Y19 -to SDRAM_A[5]
set_location_assignment PIN_AB23 -to SDRAM_A[6]
set_location_assignment PIN_AC23 -to SDRAM_A[7]
set_location_assignment PIN_AC22 -to SDRAM_A[8]
set_location_assignment PIN_C12 -to SDRAM_A[9]
set_location_assignment PIN_AB26 -to SDRAM_A[10]
set_location_assignment PIN_AD17 -to SDRAM_A[11]
set_location_assignment PIN_D12 -to SDRAM_A[12]
set_location_assignment PIN_Y17 -to SDRAM_BA[0]
set_location_assignment PIN_AB25 -to SDRAM_BA[1]
set_location_assignment PIN_V12 -to SDRAM_DQ[0]
set_location_assignment PIN_E8 -to SDRAM_DQ[1]
set_location_assignment PIN_D11 -to SDRAM_DQ[2]
set_location_assignment PIN_W12 -to SDRAM_DQ[3]
set_location_assignment PIN_AH13 -to SDRAM_DQ[4]
set_location_assignment PIN_D8 -to SDRAM_DQ[5]
set_location_assignment PIN_AH14 -to SDRAM_DQ[6]
set_location_assignment PIN_AF7 -to SDRAM_DQ[7]
set_location_assignment PIN_AE24 -to SDRAM_DQ[8]
set_location_assignment PIN_AD23 -to SDRAM_DQ[9]
set_location_assignment PIN_AE6 -to SDRAM_DQ[10]
set_location_assignment PIN_AE23 -to SDRAM_DQ[11]
set_location_assignment PIN_AG14 -to SDRAM_DQ[12]
set_location_assignment PIN_AD5 -to SDRAM_DQ[13]
set_location_assignment PIN_AF4 -to SDRAM_DQ[14]
set_location_assignment PIN_AH3 -to SDRAM_DQ[15]
set_location_assignment PIN_AG13 -to SDRAM_DQML
set_location_assignment PIN_AF13 -to SDRAM_DQMH
set_location_assignment PIN_AD20 -to SDRAM_CLK
set_location_assignment PIN_AG10 -to SDRAM_CKE
set_location_assignment PIN_AA19 -to SDRAM_nWE
set_location_assignment PIN_AA18 -to SDRAM_nCAS
set_location_assignment PIN_Y18 -to SDRAM_nCS
set_location_assignment PIN_W14 -to SDRAM_nRAS
set_instance_assignment -name FAST_OUTPUT_REGISTER ON -to SDRAM_A[*]
set_instance_assignment -name FAST_OUTPUT_REGISTER ON -to SDRAM_BA[*]
set_instance_assignment -name FAST_OUTPUT_REGISTER ON -to SDRAM_DQ[*]
set_instance_assignment -name FAST_OUTPUT_ENABLE_REGISTER ON -to SDRAM_DQ[*]
set_instance_assignment -name FAST_OUTPUT_REGISTER ON -to SDRAM_CKE
set_instance_assignment -name FAST_OUTPUT_REGISTER ON -to SDRAM_nWE
set_instance_assignment -name FAST_OUTPUT_REGISTER ON -to SDRAM_nCAS
set_instance_assignment -name FAST_OUTPUT_REGISTER ON -to SDRAM_nCS
set_instance_assignment -name FAST_OUTPUT_REGISTER ON -to SDRAM_nRAS
set_instance_assignment -name FAST_OUTPUT_REGISTER ON -to SDRAM_DQML
set_instance_assignment -name FAST_OUTPUT_REGISTER ON -to SDRAM_DQMH
